
Microsoft Visual Studio Solution File, Format Version 12.00
# Visual Studio 15
VisualStudioVersion = 15.0.28307.572
MinimumVisualStudioVersion = 10.0.40219.1
Project("{FAE04EC0-301F-11D3-BF4B-00C04F79EFBC}") = "ClientApp", "ClientApp\ClientApp.csproj", "{4C2196F4-5805-45A6-A88D-94D75BCAB62C}"
EndProject
Project("{9A19103F-16F7-4668-BE54-9A1E7A4F7556}") = "Registration", "Registration\Registration.csproj", "{D7380B72-B645-4E9C-B651-FAFDFA9D9D11}"
EndProject
Project("{FAE04EC0-301F-11D3-BF4B-00C04F79EFBC}") = "Registration.Messages", "Registration.Messages\Registration.Messages.csproj", "{11E1C5C6-DB2D-42C4-8B3A-612ED68299C7}"
EndProject
Global
	GlobalSection(SolutionConfigurationPlatforms) = preSolution
		Debug|Any CPU = Debug|Any CPU
		Release|Any CPU = Release|Any CPU
	EndGlobalSection
	GlobalSection(ProjectConfigurationPlatforms) = postSolution
		{4C2196F4-5805-45A6-A88D-94D75BCAB62C}.Debug|Any CPU.ActiveCfg = Debug|Any CPU
		{4C2196F4-5805-45A6-A88D-94D75BCAB62C}.Debug|Any CPU.Build.0 = Debug|Any CPU
		{4C2196F4-5805-45A6-A88D-94D75BCAB62C}.Release|Any CPU.ActiveCfg = Release|Any CPU
		{4C2196F4-5805-45A6-A88D-94D75BCAB62C}.Release|Any CPU.Build.0 = Release|Any CPU
		{D7380B72-B645-4E9C-B651-FAFDFA9D9D11}.Debug|Any CPU.ActiveCfg = Debug|Any CPU
		{D7380B72-B645-4E9C-B651-FAFDFA9D9D11}.Debug|Any CPU.Build.0 = Debug|Any CPU
		{D7380B72-B645-4E9C-B651-FAFDFA9D9D11}.Release|Any CPU.ActiveCfg = Release|Any CPU
		{D7380B72-B645-4E9C-B651-FAFDFA9D9D11}.Release|Any CPU.Build.0 = Release|Any CPU
		{11E1C5C6-DB2D-42C4-8B3A-612ED68299C7}.Debug|Any CPU.ActiveCfg = Debug|Any CPU
		{11E1C5C6-DB2D-42C4-8B3A-612ED68299C7}.Debug|Any CPU.Build.0 = Debug|Any CPU
		{11E1C5C6-DB2D-42C4-8B3A-612ED68299C7}.Release|Any CPU.ActiveCfg = Release|Any CPU
		{11E1C5C6-DB2D-42C4-8B3A-612ED68299C7}.Release|Any CPU.Build.0 = Release|Any CPU
	EndGlobalSection
	GlobalSection(SolutionProperties) = preSolution
		HideSolutionNode = FALSE
	EndGlobalSection
	GlobalSection(ExtensibilityGlobals) = postSolution
		SolutionGuid = {3CDE25E5-7F77-44B0-8704-9291CCBD6A92}
	EndGlobalSection
EndGlobal
